
Microsoft Visual Studio Solution File, Format Version 12.00
Project("{FAE04EC0-301F-11D3-BF4B-00C04F79EFBC}") = "Understanding.Records.Tests", "Understanding.Records.Tests\Understanding.Records.Tests.csproj", "{4583405F-F4FF-46D1-A19B-70FE6BDDE67C}"
EndProject
Global
	GlobalSection(SolutionConfigurationPlatforms) = preSolution
		Debug|Any CPU = Debug|Any CPU
		Release|Any CPU = Release|Any CPU
	EndGlobalSection
	GlobalSection(ProjectConfigurationPlatforms) = postSolution
		{4583405F-F4FF-46D1-A19B-70FE6BDDE67C}.Debug|Any CPU.ActiveCfg = Debug|Any CPU
		{4583405F-F4FF-46D1-A19B-70FE6BDDE67C}.Debug|Any CPU.Build.0 = Debug|Any CPU
		{4583405F-F4FF-46D1-A19B-70FE6BDDE67C}.Release|Any CPU.ActiveCfg = Release|Any CPU
		{4583405F-F4FF-46D1-A19B-70FE6BDDE67C}.Release|Any CPU.Build.0 = Release|Any CPU
	EndGlobalSection
EndGlobal
